
Microsoft Visual Studio Solution File, Format Version 12.00
# Visual Studio 2012
Project("{FAE04EC0-301F-11D3-BF4B-00C04F79EFBC}") = "LeanKit.APIClient", "LeanKit.APIClient\LeanKit.APIClient.csproj", "{E259085C-BCD0-44ED-8E53-B88500C0EE50}"
EndProject
Project("{2150E333-8FDC-42A3-9474-1A3956D46DE8}") = "Tests", "Tests", "{3B62102F-DB35-49C1-BCCE-961665D88153}"
EndProject
Project("{FAE04EC0-301F-11D3-BF4B-00C04F79EFBC}") = "LeanKit.APIClient.Tests", "LeanKit.APIClient.Tests\LeanKit.APIClient.Tests.csproj", "{1A63FB3E-1001-4B7A-8175-19BDD1A4D818}"
EndProject
Project("{FAE04EC0-301F-11D3-BF4B-00C04F79EFBC}") = "LeanKit.Data", "LeanKit.Data\LeanKit.Data.csproj", "{C42BBCFB-D21B-4A9C-B55D-A4F8CCEA7949}"
EndProject
Project("{FAE04EC0-301F-11D3-BF4B-00C04F79EFBC}") = "LeanKit.Data.Tests", "LeanKit.Data.Tests\LeanKit.Data.Tests.csproj", "{0DE557F6-32AE-4E28-936C-1C4C482CA07E}"
EndProject
Project("{FAE04EC0-301F-11D3-BF4B-00C04F79EFBC}") = "LeanKit.Utilities", "LeanKit.Utilities\LeanKit.Utilities.csproj", "{46346393-ECC7-4499-8BD7-594EFB47094A}"
EndProject
Project("{FAE04EC0-301F-11D3-BF4B-00C04F79EFBC}") = "LeanKit.Utilities.Tests", "LeanKit.Utilities.Tests\LeanKit.Utilities.Tests.csproj", "{4A6FB728-F049-4FD3-B11C-665FDC51C293}"
EndProject
Project("{FAE04EC0-301F-11D3-BF4B-00C04F79EFBC}") = "LeanKit.SyncToDatabase", "LeanKit.SyncToDatabase\LeanKit.SyncToDatabase.csproj", "{85C1E500-FE5A-4AEF-90CD-C71297B2312E}"
EndProject
Project("{FAE04EC0-301F-11D3-BF4B-00C04F79EFBC}") = "LeanKit.Data.SQL", "LeanKit.Data.SQL\LeanKit.Data.SQL.csproj", "{8838D1D0-FB0C-4093-B27B-12317183624E}"
EndProject
Project("{FAE04EC0-301F-11D3-BF4B-00C04F79EFBC}") = "LeanKit.Data.API", "LeanKit.Data.API\LeanKit.Data.API.csproj", "{4390A29B-91D4-4112-A96F-3F49BDFF47DD}"
EndProject
Project("{FAE04EC0-301F-11D3-BF4B-00C04F79EFBC}") = "LeanKit.Data.SQL.Tests", "LeanKit.Data.SQL.Tests\LeanKit.Data.SQL.Tests.csproj", "{FB7A483E-9971-46DA-AD92-7672BA120C39}"
EndProject
Project("{FAE04EC0-301F-11D3-BF4B-00C04F79EFBC}") = "LeanKit.Data.API.Tests", "LeanKit.Data.API.Tests\LeanKit.Data.API.Tests.csproj", "{49917C55-AA05-4CDC-832C-5FA81F90EE52}"
EndProject
Project("{FAE04EC0-301F-11D3-BF4B-00C04F79EFBC}") = "LeanKit.ReleaseManager", "LeanKit.ReleaseManager\LeanKit.ReleaseManager.csproj", "{BFE6AAD8-E981-4814-87CF-0616BEE82F28}"
EndProject
Project("{FAE04EC0-301F-11D3-BF4B-00C04F79EFBC}") = "LeanKit.ReleaseManager.Tests", "LeanKit.ReleaseManager.Tests\LeanKit.ReleaseManager.Tests.csproj", "{ED0BF870-56FA-4C00-8E46-9124E682F91C}"
EndProject
Project("{FAE04EC0-301F-11D3-BF4B-00C04F79EFBC}") = "LeanKit.IoC", "LeanKit.IoC\LeanKit.IoC.csproj", "{77893FC1-D5C2-4F8A-85FD-97A0D04D3267}"
EndProject
Project("{FAE04EC0-301F-11D3-BF4B-00C04F79EFBC}") = "LeanKit.ErrorHandling", "LeanKit.ErrorHandling\LeanKit.ErrorHandling.csproj", "{0CFA5E65-B8A4-4538-9315-53689CE3CB05}"
EndProject
Project("{2150E333-8FDC-42A3-9474-1A3956D46DE8}") = ".nuget", ".nuget", "{3D46E080-709E-485E-9721-6957EB2D0E9B}"
	ProjectSection(SolutionItems) = preProject
		.nuget\NuGet.Config = .nuget\NuGet.Config
		.nuget\NuGet.exe = .nuget\NuGet.exe
		.nuget\NuGet.targets = .nuget\NuGet.targets
	EndProjectSection
EndProject
Global
	GlobalSection(SolutionConfigurationPlatforms) = preSolution
		Debug|Any CPU = Debug|Any CPU
		Release|Any CPU = Release|Any CPU
	EndGlobalSection
	GlobalSection(ProjectConfigurationPlatforms) = postSolution
		{E259085C-BCD0-44ED-8E53-B88500C0EE50}.Debug|Any CPU.ActiveCfg = Debug|Any CPU
		{E259085C-BCD0-44ED-8E53-B88500C0EE50}.Debug|Any CPU.Build.0 = Debug|Any CPU
		{E259085C-BCD0-44ED-8E53-B88500C0EE50}.Release|Any CPU.ActiveCfg = Release|Any CPU
		{E259085C-BCD0-44ED-8E53-B88500C0EE50}.Release|Any CPU.Build.0 = Release|Any CPU
		{1A63FB3E-1001-4B7A-8175-19BDD1A4D818}.Debug|Any CPU.ActiveCfg = Debug|Any CPU
		{1A63FB3E-1001-4B7A-8175-19BDD1A4D818}.Debug|Any CPU.Build.0 = Debug|Any CPU
		{1A63FB3E-1001-4B7A-8175-19BDD1A4D818}.Release|Any CPU.ActiveCfg = Release|Any CPU
		{1A63FB3E-1001-4B7A-8175-19BDD1A4D818}.Release|Any CPU.Build.0 = Release|Any CPU
		{C42BBCFB-D21B-4A9C-B55D-A4F8CCEA7949}.Debug|Any CPU.ActiveCfg = Debug|Any CPU
		{C42BBCFB-D21B-4A9C-B55D-A4F8CCEA7949}.Debug|Any CPU.Build.0 = Debug|Any CPU
		{C42BBCFB-D21B-4A9C-B55D-A4F8CCEA7949}.Release|Any CPU.ActiveCfg = Release|Any CPU
		{C42BBCFB-D21B-4A9C-B55D-A4F8CCEA7949}.Release|Any CPU.Build.0 = Release|Any CPU
		{0DE557F6-32AE-4E28-936C-1C4C482CA07E}.Debug|Any CPU.ActiveCfg = Debug|Any CPU
		{0DE557F6-32AE-4E28-936C-1C4C482CA07E}.Debug|Any CPU.Build.0 = Debug|Any CPU
		{0DE557F6-32AE-4E28-936C-1C4C482CA07E}.Release|Any CPU.ActiveCfg = Release|Any CPU
		{0DE557F6-32AE-4E28-936C-1C4C482CA07E}.Release|Any CPU.Build.0 = Release|Any CPU
		{46346393-ECC7-4499-8BD7-594EFB47094A}.Debug|Any CPU.ActiveCfg = Debug|Any CPU
		{46346393-ECC7-4499-8BD7-594EFB47094A}.Debug|Any CPU.Build.0 = Debug|Any CPU
		{46346393-ECC7-4499-8BD7-594EFB47094A}.Release|Any CPU.ActiveCfg = Release|Any CPU
		{46346393-ECC7-4499-8BD7-594EFB47094A}.Release|Any CPU.Build.0 = Release|Any CPU
		{4A6FB728-F049-4FD3-B11C-665FDC51C293}.Debug|Any CPU.ActiveCfg = Debug|Any CPU
		{4A6FB728-F049-4FD3-B11C-665FDC51C293}.Debug|Any CPU.Build.0 = Debug|Any CPU
		{4A6FB728-F049-4FD3-B11C-665FDC51C293}.Release|Any CPU.ActiveCfg = Release|Any CPU
		{4A6FB728-F049-4FD3-B11C-665FDC51C293}.Release|Any CPU.Build.0 = Release|Any CPU
		{85C1E500-FE5A-4AEF-90CD-C71297B2312E}.Debug|Any CPU.ActiveCfg = Debug|Any CPU
		{85C1E500-FE5A-4AEF-90CD-C71297B2312E}.Debug|Any CPU.Build.0 = Debug|Any CPU
		{85C1E500-FE5A-4AEF-90CD-C71297B2312E}.Release|Any CPU.ActiveCfg = Release|Any CPU
		{85C1E500-FE5A-4AEF-90CD-C71297B2312E}.Release|Any CPU.Build.0 = Release|Any CPU
		{8838D1D0-FB0C-4093-B27B-12317183624E}.Debug|Any CPU.ActiveCfg = Debug|Any CPU
		{8838D1D0-FB0C-4093-B27B-12317183624E}.Debug|Any CPU.Build.0 = Debug|Any CPU
		{8838D1D0-FB0C-4093-B27B-12317183624E}.Release|Any CPU.ActiveCfg = Release|Any CPU
		{8838D1D0-FB0C-4093-B27B-12317183624E}.Release|Any CPU.Build.0 = Release|Any CPU
		{4390A29B-91D4-4112-A96F-3F49BDFF47DD}.Debug|Any CPU.ActiveCfg = Debug|Any CPU
		{4390A29B-91D4-4112-A96F-3F49BDFF47DD}.Debug|Any CPU.Build.0 = Debug|Any CPU
		{4390A29B-91D4-4112-A96F-3F49BDFF47DD}.Release|Any CPU.ActiveCfg = Release|Any CPU
		{4390A29B-91D4-4112-A96F-3F49BDFF47DD}.Release|Any CPU.Build.0 = Release|Any CPU
		{FB7A483E-9971-46DA-AD92-7672BA120C39}.Debug|Any CPU.ActiveCfg = Debug|Any CPU
		{FB7A483E-9971-46DA-AD92-7672BA120C39}.Debug|Any CPU.Build.0 = Debug|Any CPU
		{FB7A483E-9971-46DA-AD92-7672BA120C39}.Release|Any CPU.ActiveCfg = Release|Any CPU
		{FB7A483E-9971-46DA-AD92-7672BA120C39}.Release|Any CPU.Build.0 = Release|Any CPU
		{49917C55-AA05-4CDC-832C-5FA81F90EE52}.Debug|Any CPU.ActiveCfg = Debug|Any CPU
		{49917C55-AA05-4CDC-832C-5FA81F90EE52}.Debug|Any CPU.Build.0 = Debug|Any CPU
		{49917C55-AA05-4CDC-832C-5FA81F90EE52}.Release|Any CPU.ActiveCfg = Release|Any CPU
		{49917C55-AA05-4CDC-832C-5FA81F90EE52}.Release|Any CPU.Build.0 = Release|Any CPU
		{BFE6AAD8-E981-4814-87CF-0616BEE82F28}.Debug|Any CPU.ActiveCfg = Debug|Any CPU
		{BFE6AAD8-E981-4814-87CF-0616BEE82F28}.Debug|Any CPU.Build.0 = Debug|Any CPU
		{BFE6AAD8-E981-4814-87CF-0616BEE82F28}.Release|Any CPU.ActiveCfg = Release|Any CPU
		{BFE6AAD8-E981-4814-87CF-0616BEE82F28}.Release|Any CPU.Build.0 = Release|Any CPU
		{ED0BF870-56FA-4C00-8E46-9124E682F91C}.Debug|Any CPU.ActiveCfg = Debug|Any CPU
		{ED0BF870-56FA-4C00-8E46-9124E682F91C}.Debug|Any CPU.Build.0 = Debug|Any CPU
		{ED0BF870-56FA-4C00-8E46-9124E682F91C}.Release|Any CPU.ActiveCfg = Release|Any CPU
		{ED0BF870-56FA-4C00-8E46-9124E682F91C}.Release|Any CPU.Build.0 = Release|Any CPU
		{77893FC1-D5C2-4F8A-85FD-97A0D04D3267}.Debug|Any CPU.ActiveCfg = Debug|Any CPU
		{77893FC1-D5C2-4F8A-85FD-97A0D04D3267}.Debug|Any CPU.Build.0 = Debug|Any CPU
		{77893FC1-D5C2-4F8A-85FD-97A0D04D3267}.Release|Any CPU.ActiveCfg = Release|Any CPU
		{77893FC1-D5C2-4F8A-85FD-97A0D04D3267}.Release|Any CPU.Build.0 = Release|Any CPU
		{0CFA5E65-B8A4-4538-9315-53689CE3CB05}.Debug|Any CPU.ActiveCfg = Debug|Any CPU
		{0CFA5E65-B8A4-4538-9315-53689CE3CB05}.Debug|Any CPU.Build.0 = Debug|Any CPU
		{0CFA5E65-B8A4-4538-9315-53689CE3CB05}.Release|Any CPU.ActiveCfg = Release|Any CPU
		{0CFA5E65-B8A4-4538-9315-53689CE3CB05}.Release|Any CPU.Build.0 = Release|Any CPU
	EndGlobalSection
	GlobalSection(SolutionProperties) = preSolution
		HideSolutionNode = FALSE
	EndGlobalSection
	GlobalSection(NestedProjects) = preSolution
		{1A63FB3E-1001-4B7A-8175-19BDD1A4D818} = {3B62102F-DB35-49C1-BCCE-961665D88153}
		{0DE557F6-32AE-4E28-936C-1C4C482CA07E} = {3B62102F-DB35-49C1-BCCE-961665D88153}
		{4A6FB728-F049-4FD3-B11C-665FDC51C293} = {3B62102F-DB35-49C1-BCCE-961665D88153}
		{FB7A483E-9971-46DA-AD92-7672BA120C39} = {3B62102F-DB35-49C1-BCCE-961665D88153}
		{49917C55-AA05-4CDC-832C-5FA81F90EE52} = {3B62102F-DB35-49C1-BCCE-961665D88153}
		{ED0BF870-56FA-4C00-8E46-9124E682F91C} = {3B62102F-DB35-49C1-BCCE-961665D88153}
	EndGlobalSection
EndGlobal
